<?xml version="1.0" encoding="utf-8"?>
<Project ToolsVersion="4.0" xmlns="http://schemas.microsoft.com/developer/msbuild/2003">
  <ItemGroup>
    <Filter Include="Source Files">
      <UniqueIdentifier>{4FC737F1-C7A5-4376-A066-2A32D752A2FF}</UniqueIdentifier>
      <Extensions>cpp;c;cc;cxx;def;odl;idl;hpj;bat;asm;asmx</Extensions>
    </Filter>
    <Filter Include="Header Files">
      <UniqueIdentifier>{93995380-89BD-4b04-88EB-625FBE52EBFB}</UniqueIdentifier>
      <Extensions>h;hh;hpp;hxx;hm;inl;inc;xsd</Extensions>
    </Filter>
    <Filter Include="Resource Files">
      <UniqueIdentifier>{67DA6AB6-F800-4c08-8B7A-83BB121AAD01}</UniqueIdentifier>
      <Extensions>rc;ico;cur;bmp;dlg;rc2;rct;bin;rgs;gif;jpg;jpeg;jpe;resx;tiff;tif;png;wav;mfcribbon-ms</Extensions>
    </Filter>
  </ItemGroup>
  <ItemGroup>
    <ClCompile Include="Animation.cpp">
      <Filter>Source Files</Filter>
    </ClCompile>
    <ClCompile Include="Fuss.cpp">
      <Filter>Source Files</Filter>
    </ClCompile>
    <ClCompile Include="Hand.cpp">
      <Filter>Source Files</Filter>
    </ClCompile>
    <ClCompile Include="Kopf.cpp">
      <Filter>Source Files</Filter>
    </ClCompile>
    <ClCompile Include="main.cpp">
      <Filter>Source Files</Filter>
    </ClCompile>
    <ClCompile Include="Oberarm.cpp">
      <Filter>Source Files</Filter>
    </ClCompile>
    <ClCompile Include="Oberkoerper.cpp">
      <Filter>Source Files</Filter>
    </ClCompile>
    <ClCompile Include="Oberschenkel.cpp">
      <Filter>Source Files</Filter>
    </ClCompile>
    <ClCompile Include="Roboter.cpp">
      <Filter>Source Files</Filter>
    </ClCompile>
    <ClCompile Include="Unterarm.cpp">
      <Filter>Source Files</Filter>
    </ClCompile>
    <ClCompile Include="Unterschenkel.cpp">
      <Filter>Source Files</Filter>
    </ClCompile>
    <ClCompile Include="Wuerfel.cpp">
      <Filter>Source Files</Filter>
    </ClCompile>
    <ClCompile Include="SkyBox.cpp">
      <Filter>Source Files</Filter>
    </ClCompile>
    <ClCompile Include="Koerper.cpp">
      <Filter>Source Files</Filter>
    </ClCompile>
    <ClCompile Include="Bein.cpp">
      <Filter>Source Files</Filter>
    </ClCompile>
    <ClCompile Include="Arm.cpp">
      <Filter>Source Files</Filter>
    </ClCompile>
    <ClCompile Include="Cylinder.cpp">
      <Filter>Source Files</Filter>
    </ClCompile>
  </ItemGroup>
  <ItemGroup>
    <ClInclude Include="Animation.h">
      <Filter>Header Files</Filter>
    </ClInclude>
    <ClInclude Include="Fuss.h">
      <Filter>Header Files</Filter>
    </ClInclude>
    <ClInclude Include="Hand.h">
      <Filter>Header Files</Filter>
    </ClInclude>
    <ClInclude Include="Kopf.h">
      <Filter>Header Files</Filter>
    </ClInclude>
    <ClInclude Include="Oberarm.h">
      <Filter>Header Files</Filter>
    </ClInclude>
    <ClInclude Include="Oberkoerper.h">
      <Filter>Header Files</Filter>
    </ClInclude>
    <ClInclude Include="Oberschenkel.h">
      <Filter>Header Files</Filter>
    </ClInclude>
    <ClInclude Include="Roboter.h">
      <Filter>Header Files</Filter>
    </ClInclude>
    <ClInclude Include="Unterarm.h">
      <Filter>Header Files</Filter>
    </ClInclude>
    <ClInclude Include="Unterschenkel.h">
      <Filter>Header Files</Filter>
    </ClInclude>
    <ClInclude Include="Wuerfel.h">
      <Filter>Header Files</Filter>
    </ClInclude>
    <ClInclude Include="Arm.h">
      <Filter>Header Files</Filter>
    </ClInclude>
    <ClInclude Include="Bein.h">
      <Filter>Header Files</Filter>
    </ClInclude>
    <ClInclude Include="Koerper.h">
      <Filter>Header Files</Filter>
    </ClInclude>
    <ClInclude Include="SkyBox.h">
      <Filter>Header Files</Filter>
    </ClInclude>
    <ClInclude Include="Cylinder.h">
      <Filter>Header Files</Filter>
    </ClInclude>
  </ItemGroup>
</Project>